
Microsoft Visual Studio Solution File, Format Version 12.00
# Visual Studio 2013
VisualStudioVersion = 12.0.30324.0
MinimumVisualStudioVersion = 10.0.40219.1
Project("{2150E333-8FDC-42A3-9474-1A3956D46DE8}") = "Modern Music", "Modern Music", "{B3CE5457-AC05-49BD-859D-B1969ECE3040}"
EndProject
Project("{FAE04EC0-301F-11D3-BF4B-00C04F79EFBC}") = "BackgroundAudioTask", "HubApp1\SampleBackgroundAudioTask\BackgroundAudioTask.csproj", "{8B214C2E-8BC3-48EA-BCBC-05B352531676}"
EndProject
Project("{FAE04EC0-301F-11D3-BF4B-00C04F79EFBC}") = "ModernMusic.Library", "ModernMusic.Library\ModernMusic.Library.csproj", "{983D9808-B64A-4242-8BB9-5E2A447F575A}"
EndProject
Project("{FAE04EC0-301F-11D3-BF4B-00C04F79EFBC}") = "ModernMusic", "ModernMusic\ModernMusic.csproj", "{65CCEC32-DCF3-4440-8C72-6569B88D6636}"
EndProject
Global
	GlobalSection(SolutionConfigurationPlatforms) = preSolution
		Debug|Any CPU = Debug|Any CPU
		Debug|ARM = Debug|ARM
		Debug|x64 = Debug|x64
		Debug|x86 = Debug|x86
		Release|Any CPU = Release|Any CPU
		Release|ARM = Release|ARM
		Release|x64 = Release|x64
		Release|x86 = Release|x86
	EndGlobalSection
	GlobalSection(ProjectConfigurationPlatforms) = postSolution
		{8B214C2E-8BC3-48EA-BCBC-05B352531676}.Debug|Any CPU.ActiveCfg = Debug|Any CPU
		{8B214C2E-8BC3-48EA-BCBC-05B352531676}.Debug|Any CPU.Build.0 = Debug|Any CPU
		{8B214C2E-8BC3-48EA-BCBC-05B352531676}.Debug|ARM.ActiveCfg = Debug|ARM
		{8B214C2E-8BC3-48EA-BCBC-05B352531676}.Debug|ARM.Build.0 = Debug|ARM
		{8B214C2E-8BC3-48EA-BCBC-05B352531676}.Debug|x64.ActiveCfg = Debug|Any CPU
		{8B214C2E-8BC3-48EA-BCBC-05B352531676}.Debug|x86.ActiveCfg = Debug|x86
		{8B214C2E-8BC3-48EA-BCBC-05B352531676}.Debug|x86.Build.0 = Debug|x86
		{8B214C2E-8BC3-48EA-BCBC-05B352531676}.Release|Any CPU.ActiveCfg = Release|Any CPU
		{8B214C2E-8BC3-48EA-BCBC-05B352531676}.Release|Any CPU.Build.0 = Release|Any CPU
		{8B214C2E-8BC3-48EA-BCBC-05B352531676}.Release|ARM.ActiveCfg = Release|ARM
		{8B214C2E-8BC3-48EA-BCBC-05B352531676}.Release|ARM.Build.0 = Release|ARM
		{8B214C2E-8BC3-48EA-BCBC-05B352531676}.Release|x64.ActiveCfg = Release|Any CPU
		{8B214C2E-8BC3-48EA-BCBC-05B352531676}.Release|x86.ActiveCfg = Release|x86
		{8B214C2E-8BC3-48EA-BCBC-05B352531676}.Release|x86.Build.0 = Release|x86
		{983D9808-B64A-4242-8BB9-5E2A447F575A}.Debug|Any CPU.ActiveCfg = Debug|Any CPU
		{983D9808-B64A-4242-8BB9-5E2A447F575A}.Debug|Any CPU.Build.0 = Debug|Any CPU
		{983D9808-B64A-4242-8BB9-5E2A447F575A}.Debug|ARM.ActiveCfg = Debug|Any CPU
		{983D9808-B64A-4242-8BB9-5E2A447F575A}.Debug|x64.ActiveCfg = Debug|Any CPU
		{983D9808-B64A-4242-8BB9-5E2A447F575A}.Debug|x86.ActiveCfg = Debug|Any CPU
		{983D9808-B64A-4242-8BB9-5E2A447F575A}.Release|Any CPU.ActiveCfg = Release|Any CPU
		{983D9808-B64A-4242-8BB9-5E2A447F575A}.Release|Any CPU.Build.0 = Release|Any CPU
		{983D9808-B64A-4242-8BB9-5E2A447F575A}.Release|ARM.ActiveCfg = Release|Any CPU
		{983D9808-B64A-4242-8BB9-5E2A447F575A}.Release|x64.ActiveCfg = Release|Any CPU
		{983D9808-B64A-4242-8BB9-5E2A447F575A}.Release|x86.ActiveCfg = Release|Any CPU
		{65CCEC32-DCF3-4440-8C72-6569B88D6636}.Debug|Any CPU.ActiveCfg = Debug|Any CPU
		{65CCEC32-DCF3-4440-8C72-6569B88D6636}.Debug|Any CPU.Build.0 = Debug|Any CPU
		{65CCEC32-DCF3-4440-8C72-6569B88D6636}.Debug|Any CPU.Deploy.0 = Debug|Any CPU
		{65CCEC32-DCF3-4440-8C72-6569B88D6636}.Debug|ARM.ActiveCfg = Debug|ARM
		{65CCEC32-DCF3-4440-8C72-6569B88D6636}.Debug|ARM.Build.0 = Debug|ARM
		{65CCEC32-DCF3-4440-8C72-6569B88D6636}.Debug|ARM.Deploy.0 = Debug|ARM
		{65CCEC32-DCF3-4440-8C72-6569B88D6636}.Debug|x64.ActiveCfg = Debug|Any CPU
		{65CCEC32-DCF3-4440-8C72-6569B88D6636}.Debug|x86.ActiveCfg = Debug|x86
		{65CCEC32-DCF3-4440-8C72-6569B88D6636}.Debug|x86.Build.0 = Debug|x86
		{65CCEC32-DCF3-4440-8C72-6569B88D6636}.Debug|x86.Deploy.0 = Debug|x86
		{65CCEC32-DCF3-4440-8C72-6569B88D6636}.Release|Any CPU.ActiveCfg = Release|Any CPU
		{65CCEC32-DCF3-4440-8C72-6569B88D6636}.Release|Any CPU.Build.0 = Release|Any CPU
		{65CCEC32-DCF3-4440-8C72-6569B88D6636}.Release|Any CPU.Deploy.0 = Release|Any CPU
		{65CCEC32-DCF3-4440-8C72-6569B88D6636}.Release|ARM.ActiveCfg = Release|ARM
		{65CCEC32-DCF3-4440-8C72-6569B88D6636}.Release|ARM.Build.0 = Release|ARM
		{65CCEC32-DCF3-4440-8C72-6569B88D6636}.Release|ARM.Deploy.0 = Release|ARM
		{65CCEC32-DCF3-4440-8C72-6569B88D6636}.Release|x64.ActiveCfg = Release|Any CPU
		{65CCEC32-DCF3-4440-8C72-6569B88D6636}.Release|x86.ActiveCfg = Release|x86
		{65CCEC32-DCF3-4440-8C72-6569B88D6636}.Release|x86.Build.0 = Release|x86
		{65CCEC32-DCF3-4440-8C72-6569B88D6636}.Release|x86.Deploy.0 = Release|x86
	EndGlobalSection
	GlobalSection(SolutionProperties) = preSolution
		HideSolutionNode = FALSE
	EndGlobalSection
	GlobalSection(NestedProjects) = preSolution
		{8B214C2E-8BC3-48EA-BCBC-05B352531676} = {B3CE5457-AC05-49BD-859D-B1969ECE3040}
		{983D9808-B64A-4242-8BB9-5E2A447F575A} = {B3CE5457-AC05-49BD-859D-B1969ECE3040}
		{65CCEC32-DCF3-4440-8C72-6569B88D6636} = {B3CE5457-AC05-49BD-859D-B1969ECE3040}
	EndGlobalSection
EndGlobal
